
Microsoft Visual Studio Solution File, Format Version 12.00
# Visual Studio Version 17
VisualStudioVersion = 17.4.33205.214
MinimumVisualStudioVersion = 10.0.40219.1
Project("{FAE04EC0-301F-11D3-BF4B-00C04F79EFBC}") = "CompatibilityOnHover", "CompatibilityOnHover\CompatibilityOnHover.csproj", "{82C26F7E-C562-4BEC-A3B2-A8F1C2CEFB1F}"
EndProject
Global
	GlobalSection(SolutionConfigurationPlatforms) = preSolution
		Debug|Any CPU = Debug|Any CPU
		Release|Any CPU = Release|Any CPU
	EndGlobalSection
	GlobalSection(ProjectConfigurationPlatforms) = postSolution
		{82C26F7E-C562-4BEC-A3B2-A8F1C2CEFB1F}.Debug|Any CPU.ActiveCfg = Debug|Any CPU
		{82C26F7E-C562-4BEC-A3B2-A8F1C2CEFB1F}.Debug|Any CPU.Build.0 = Debug|Any CPU
		{82C26F7E-C562-4BEC-A3B2-A8F1C2CEFB1F}.Release|Any CPU.ActiveCfg = Release|Any CPU
		{82C26F7E-C562-4BEC-A3B2-A8F1C2CEFB1F}.Release|Any CPU.Build.0 = Release|Any CPU
	EndGlobalSection
	GlobalSection(SolutionProperties) = preSolution
		HideSolutionNode = FALSE
	EndGlobalSection
	GlobalSection(ExtensibilityGlobals) = postSolution
		SolutionGuid = {F882DD2B-046D-4F89-967D-44E0A782D9FB}
	EndGlobalSection
EndGlobal
